
Microsoft Visual Studio Solution File, Format Version 12.00
# Visual Studio Version 16
VisualStudioVersion = 16.0.30804.86
MinimumVisualStudioVersion = 10.0.40219.1
Project("{9A19103F-16F7-4668-BE54-9A1E7A4F7556}") = "Cv.Entities", "Cv.Entities\Cv.Entities.csproj", "{8DAE125B-246E-44D4-B9FE-50BBFE6908F8}"
EndProject
Project("{9A19103F-16F7-4668-BE54-9A1E7A4F7556}") = "Cv.DataAccess", "Cv.DataAccess\Cv.DataAccess.csproj", "{73FE98CB-860B-4069-87EA-DAAF9D390457}"
EndProject
Project("{9A19103F-16F7-4668-BE54-9A1E7A4F7556}") = "Cv.Business", "Cv.Business\Cv.Business.csproj", "{EF32C3FA-40ED-449A-9282-058FB90C1787}"
EndProject
Project("{9A19103F-16F7-4668-BE54-9A1E7A4F7556}") = "Cv.Core", "Cv.Core\Cv.Core.csproj", "{E9E28F73-6B7B-4753-AA71-6AA0DEF8B7BC}"
EndProject
Project("{9A19103F-16F7-4668-BE54-9A1E7A4F7556}") = "Cv.WebUI", "Cv.WebUI\Cv.WebUI.csproj", "{4859DA30-E2C4-4F3A-ADA5-266CAB16938F}"
EndProject
Global
	GlobalSection(SolutionConfigurationPlatforms) = preSolution
		Debug|Any CPU = Debug|Any CPU
		Release|Any CPU = Release|Any CPU
	EndGlobalSection
	GlobalSection(ProjectConfigurationPlatforms) = postSolution
		{8DAE125B-246E-44D4-B9FE-50BBFE6908F8}.Debug|Any CPU.ActiveCfg = Debug|Any CPU
		{8DAE125B-246E-44D4-B9FE-50BBFE6908F8}.Debug|Any CPU.Build.0 = Debug|Any CPU
		{8DAE125B-246E-44D4-B9FE-50BBFE6908F8}.Release|Any CPU.ActiveCfg = Release|Any CPU
		{8DAE125B-246E-44D4-B9FE-50BBFE6908F8}.Release|Any CPU.Build.0 = Release|Any CPU
		{73FE98CB-860B-4069-87EA-DAAF9D390457}.Debug|Any CPU.ActiveCfg = Debug|Any CPU
		{73FE98CB-860B-4069-87EA-DAAF9D390457}.Debug|Any CPU.Build.0 = Debug|Any CPU
		{73FE98CB-860B-4069-87EA-DAAF9D390457}.Release|Any CPU.ActiveCfg = Release|Any CPU
		{73FE98CB-860B-4069-87EA-DAAF9D390457}.Release|Any CPU.Build.0 = Release|Any CPU
		{EF32C3FA-40ED-449A-9282-058FB90C1787}.Debug|Any CPU.ActiveCfg = Debug|Any CPU
		{EF32C3FA-40ED-449A-9282-058FB90C1787}.Debug|Any CPU.Build.0 = Debug|Any CPU
		{EF32C3FA-40ED-449A-9282-058FB90C1787}.Release|Any CPU.ActiveCfg = Release|Any CPU
		{EF32C3FA-40ED-449A-9282-058FB90C1787}.Release|Any CPU.Build.0 = Release|Any CPU
		{E9E28F73-6B7B-4753-AA71-6AA0DEF8B7BC}.Debug|Any CPU.ActiveCfg = Debug|Any CPU
		{E9E28F73-6B7B-4753-AA71-6AA0DEF8B7BC}.Debug|Any CPU.Build.0 = Debug|Any CPU
		{E9E28F73-6B7B-4753-AA71-6AA0DEF8B7BC}.Release|Any CPU.ActiveCfg = Release|Any CPU
		{E9E28F73-6B7B-4753-AA71-6AA0DEF8B7BC}.Release|Any CPU.Build.0 = Release|Any CPU
		{4859DA30-E2C4-4F3A-ADA5-266CAB16938F}.Debug|Any CPU.ActiveCfg = Debug|Any CPU
		{4859DA30-E2C4-4F3A-ADA5-266CAB16938F}.Debug|Any CPU.Build.0 = Debug|Any CPU
		{4859DA30-E2C4-4F3A-ADA5-266CAB16938F}.Release|Any CPU.ActiveCfg = Release|Any CPU
		{4859DA30-E2C4-4F3A-ADA5-266CAB16938F}.Release|Any CPU.Build.0 = Release|Any CPU
	EndGlobalSection
	GlobalSection(SolutionProperties) = preSolution
		HideSolutionNode = FALSE
	EndGlobalSection
	GlobalSection(ExtensibilityGlobals) = postSolution
		SolutionGuid = {F5FEF97F-201D-4E9C-898D-F7EE01A116B8}
	EndGlobalSection
EndGlobal
